
Microsoft Visual Studio Solution File, Format Version 12.00
# Visual Studio Version 16
VisualStudioVersion = 16.0.30204.135
MinimumVisualStudioVersion = 10.0.40219.1
Project("{FAE04EC0-301F-11D3-BF4B-00C04F79EFBC}") = "HelloWorld", "HelloWorld\HelloWorld.csproj", "{45AA31AA-FA16-442E-8EB9-A2FC9CBB22B6}"
EndProject
Global
	GlobalSection(SolutionConfigurationPlatforms) = preSolution
		Debug|Any CPU = Debug|Any CPU
		Release|Any CPU = Release|Any CPU
	EndGlobalSection
	GlobalSection(ProjectConfigurationPlatforms) = postSolution
		{45AA31AA-FA16-442E-8EB9-A2FC9CBB22B6}.Debug|Any CPU.ActiveCfg = Debug|Any CPU
		{45AA31AA-FA16-442E-8EB9-A2FC9CBB22B6}.Debug|Any CPU.Build.0 = Debug|Any CPU
		{45AA31AA-FA16-442E-8EB9-A2FC9CBB22B6}.Release|Any CPU.ActiveCfg = Release|Any CPU
		{45AA31AA-FA16-442E-8EB9-A2FC9CBB22B6}.Release|Any CPU.Build.0 = Release|Any CPU
	EndGlobalSection
	GlobalSection(SolutionProperties) = preSolution
		HideSolutionNode = FALSE
	EndGlobalSection
	GlobalSection(ExtensibilityGlobals) = postSolution
		SolutionGuid = {F14A117E-9525-4743-9891-76AD9CBAAD3E}
	EndGlobalSection
EndGlobal
