
Microsoft Visual Studio Solution File, Format Version 12.00
# Visual Studio Version 16
VisualStudioVersion = 16.0.30204.135
MinimumVisualStudioVersion = 10.0.40219.1
Project("{FAE04EC0-301F-11D3-BF4B-00C04F79EFBC}") = "TestWebApp", "TestWebApp.csproj", "{6CFC675A-E909-4640-9A6E-88CFA2F3DAB1}"
EndProject
Global
	GlobalSection(SolutionConfigurationPlatforms) = preSolution
		Debug|Any CPU = Debug|Any CPU
		Release|Any CPU = Release|Any CPU
	EndGlobalSection
	GlobalSection(ProjectConfigurationPlatforms) = postSolution
		{6CFC675A-E909-4640-9A6E-88CFA2F3DAB1}.Debug|Any CPU.ActiveCfg = Debug|Any CPU
		{6CFC675A-E909-4640-9A6E-88CFA2F3DAB1}.Debug|Any CPU.Build.0 = Debug|Any CPU
		{6CFC675A-E909-4640-9A6E-88CFA2F3DAB1}.Release|Any CPU.ActiveCfg = Release|Any CPU
		{6CFC675A-E909-4640-9A6E-88CFA2F3DAB1}.Release|Any CPU.Build.0 = Release|Any CPU
	EndGlobalSection
	GlobalSection(SolutionProperties) = preSolution
		HideSolutionNode = FALSE
	EndGlobalSection
	GlobalSection(ExtensibilityGlobals) = postSolution
		SolutionGuid = {8DE06E1E-75AD-4CCD-B11D-DBBA3BA54A5F}
	EndGlobalSection
EndGlobal
